
Microsoft Visual Studio Solution File, Format Version 12.00
# Visual Studio Version 16
VisualStudioVersion = 16.0.32106.194
MinimumVisualStudioVersion = 10.0.40219.1
Project("{FAE04EC0-301F-11D3-BF4B-00C04F79EFBC}") = "BlogSite.Business", "BlogSite.Business\BlogSite.Business.csproj", "{8C1F68C9-1A2F-4DBD-949E-68B66363DF71}"
EndProject
Project("{FAE04EC0-301F-11D3-BF4B-00C04F79EFBC}") = "BlogSite.DataAccess", "BlogSite.DataAccess\BlogSite.DataAccess.csproj", "{BC86ACCF-4E16-412B-90BE-5BF49AF7109F}"
EndProject
Project("{FAE04EC0-301F-11D3-BF4B-00C04F79EFBC}") = "BlogSite.Entities", "BlogSite.Entities\BlogSite.Entities.csproj", "{F7E26A75-FB15-48D1-81D0-AD6E97CDAC76}"
EndProject
Project("{2150E333-8FDC-42A3-9474-1A3956D46DE8}") = "BlogSite.Presentation", "BlogSite.Presentation", "{6085A51C-612D-4B55-A94F-C6F94E0BB60C}"
EndProject
Project("{FAE04EC0-301F-11D3-BF4B-00C04F79EFBC}") = "BlogSite.WebUI", "BlogSite.WebUI\BlogSite.WebUI.csproj", "{C091437C-3299-4728-BC6C-04EA7D803CE2}"
EndProject
Global
	GlobalSection(SolutionConfigurationPlatforms) = preSolution
		Debug|Any CPU = Debug|Any CPU
		Release|Any CPU = Release|Any CPU
	EndGlobalSection
	GlobalSection(ProjectConfigurationPlatforms) = postSolution
		{8C1F68C9-1A2F-4DBD-949E-68B66363DF71}.Debug|Any CPU.ActiveCfg = Debug|Any CPU
		{8C1F68C9-1A2F-4DBD-949E-68B66363DF71}.Debug|Any CPU.Build.0 = Debug|Any CPU
		{8C1F68C9-1A2F-4DBD-949E-68B66363DF71}.Release|Any CPU.ActiveCfg = Release|Any CPU
		{8C1F68C9-1A2F-4DBD-949E-68B66363DF71}.Release|Any CPU.Build.0 = Release|Any CPU
		{BC86ACCF-4E16-412B-90BE-5BF49AF7109F}.Debug|Any CPU.ActiveCfg = Debug|Any CPU
		{BC86ACCF-4E16-412B-90BE-5BF49AF7109F}.Debug|Any CPU.Build.0 = Debug|Any CPU
		{BC86ACCF-4E16-412B-90BE-5BF49AF7109F}.Release|Any CPU.ActiveCfg = Release|Any CPU
		{BC86ACCF-4E16-412B-90BE-5BF49AF7109F}.Release|Any CPU.Build.0 = Release|Any CPU
		{F7E26A75-FB15-48D1-81D0-AD6E97CDAC76}.Debug|Any CPU.ActiveCfg = Debug|Any CPU
		{F7E26A75-FB15-48D1-81D0-AD6E97CDAC76}.Debug|Any CPU.Build.0 = Debug|Any CPU
		{F7E26A75-FB15-48D1-81D0-AD6E97CDAC76}.Release|Any CPU.ActiveCfg = Release|Any CPU
		{F7E26A75-FB15-48D1-81D0-AD6E97CDAC76}.Release|Any CPU.Build.0 = Release|Any CPU
		{C091437C-3299-4728-BC6C-04EA7D803CE2}.Debug|Any CPU.ActiveCfg = Debug|Any CPU
		{C091437C-3299-4728-BC6C-04EA7D803CE2}.Debug|Any CPU.Build.0 = Debug|Any CPU
		{C091437C-3299-4728-BC6C-04EA7D803CE2}.Release|Any CPU.ActiveCfg = Release|Any CPU
		{C091437C-3299-4728-BC6C-04EA7D803CE2}.Release|Any CPU.Build.0 = Release|Any CPU
	EndGlobalSection
	GlobalSection(SolutionProperties) = preSolution
		HideSolutionNode = FALSE
	EndGlobalSection
	GlobalSection(NestedProjects) = preSolution
		{C091437C-3299-4728-BC6C-04EA7D803CE2} = {6085A51C-612D-4B55-A94F-C6F94E0BB60C}
	EndGlobalSection
	GlobalSection(ExtensibilityGlobals) = postSolution
		SolutionGuid = {EEADD4AB-C77F-43A3-8665-88876A3C2A87}
	EndGlobalSection
EndGlobal
